Microsoft Visual Studio Solution File, Format Version 7.00
Project("{8BC9CEB8-8B4A-11D0-8D11-00A0C91BC942}") = "ASTrace", "ASTrace.vcproj", "{055F582D-B54F-4750-BD90-1E175A986B09}"
EndProject
Global
	GlobalSection(SolutionConfiguration) = preSolution
		ConfigName.0 = Debug
		ConfigName.1 = Release
	EndGlobalSection
	GlobalSection(ProjectDependencies) = postSolution
	EndGlobalSection
	GlobalSection(ProjectConfiguration) = postSolution
		{055F582D-B54F-4750-BD90-1E175A986B09}.Debug.ActiveCfg = Debug|Win32
		{055F582D-B54F-4750-BD90-1E175A986B09}.Debug.Build.0 = Debug|Win32
		{055F582D-B54F-4750-BD90-1E175A986B09}.Release.ActiveCfg = Release|Win32
		{055F582D-B54F-4750-BD90-1E175A986B09}.Release.Build.0 = Release|Win32
	EndGlobalSection
	GlobalSection(ExtensibilityGlobals) = postSolution
	EndGlobalSection
	GlobalSection(ExtensibilityAddIns) = postSolution
	EndGlobalSection
EndGlobal
